
Microsoft Visual Studio Solution File, Format Version 12.00
# Visual Studio Version 17
VisualStudioVersion = 17.11.35312.102
MinimumVisualStudioVersion = 10.0.40219.1
Project("{FAE04EC0-301F-11D3-BF4B-00C04F79EFBC}") = "MathExample", "MathExample\MathExample.csproj", "{462F2963-6CDA-4159-9EEF-818A417F6158}"
EndProject
Global
	GlobalSection(SolutionConfigurationPlatforms) = preSolution
		Debug|Any CPU = Debug|Any CPU
		Release|Any CPU = Release|Any CPU
	EndGlobalSection
	GlobalSection(ProjectConfigurationPlatforms) = postSolution
		{462F2963-6CDA-4159-9EEF-818A417F6158}.Debug|Any CPU.ActiveCfg = Debug|Any CPU
		{462F2963-6CDA-4159-9EEF-818A417F6158}.Debug|Any CPU.Build.0 = Debug|Any CPU
		{462F2963-6CDA-4159-9EEF-818A417F6158}.Release|Any CPU.ActiveCfg = Release|Any CPU
		{462F2963-6CDA-4159-9EEF-818A417F6158}.Release|Any CPU.Build.0 = Release|Any CPU
	EndGlobalSection
	GlobalSection(SolutionProperties) = preSolution
		HideSolutionNode = FALSE
	EndGlobalSection
	GlobalSection(ExtensibilityGlobals) = postSolution
		SolutionGuid = {08537626-C771-4D38-8F96-FEA52E1B00BB}
	EndGlobalSection
EndGlobal
